lockfileVersion: '9.0'

settings:
  autoInstallPeers: true
  excludeLinksFromLockfile: false

importers:

  .:
    devDependencies:
      pnpm:
        specifier: ^10.26.0
        version: 10.26.0

packages:

  pnpm@10.26.0:
    resolution: {integrity: sha512-Oz9scl6+cSUGwKsa1BM8+GsfS2h+/85iqbOLTXLjlUJC5kMZD8UfoWQpScc19APevUT1yw7dZXq+Y6i2p+HkAg==}
    engines: {node: '>=18.12'}
    hasBin: true

snapshots:

  pnpm@10.26.0: {}
