lockfileVersion: '9.0'

settings:
  autoInstallPeers: true
  excludeLinksFromLockfile: false

importers:

  .:
    devDependencies:
      pnpm:
        specifier: ^10.6.4
        version: 10.6.4

packages:

  pnpm@10.6.4:
    resolution: {integrity: sha512-2j1xW/0iqaEF5ugIjPx4JmmTMt7WDEI7FOxhOhhfFgIgZwL/D+TEOMsVyXkIHOTLAlaONksVF0UDpjx6jipfbA==}
    engines: {node: '>=18.12'}
    hasBin: true

snapshots:

  pnpm@10.6.4: {}
